
Microsoft Visual Studio Solution File, Format Version 12.00
# Visual Studio Version 17
VisualStudioVersion = 17.11.35327.3
MinimumVisualStudioVersion = 10.0.40219.1
Project("{FAE04EC0-301F-11D3-BF4B-00C04F79EFBC}") = "RaftClassLib", "RaftClassLib\RaftClassLib.csproj", "{549D1D93-E7DE-43F0-8196-68AAA913DD90}"
EndProject
Project("{FAE04EC0-301F-11D3-BF4B-00C04F79EFBC}") = "RaftTests", "RaftTests\RaftTests.csproj", "{58ECB088-8906-4D5F-9FCF-08BB5AF5C6B4}"
EndProject
Project("{FAE04EC0-301F-11D3-BF4B-00C04F79EFBC}") = "WebSimUserInterface", "WebSimUserInterface\WebSimUserInterface.csproj", "{FD8C7E93-A52B-4BBC-8E27-46C6E1334DF3}"
EndProject
Project("{FAE04EC0-301F-11D3-BF4B-00C04F79EFBC}") = "APIRaft", "APIRaft\APIRaft.csproj", "{AD84BC0F-2DA6-4B65-B6EB-7C67CCF5D54C}"
EndProject
Project("{FAE04EC0-301F-11D3-BF4B-00C04F79EFBC}") = "RaftClient", "RaftClient\RaftClient.csproj", "{7FA0DC03-CB8D-4AD1-9695-07AD86674BF9}"
EndProject
Global
	GlobalSection(SolutionConfigurationPlatforms) = preSolution
		Debug|Any CPU = Debug|Any CPU
		Release|Any CPU = Release|Any CPU
	EndGlobalSection
	GlobalSection(ProjectConfigurationPlatforms) = postSolution
		{549D1D93-E7DE-43F0-8196-68AAA913DD90}.Debug|Any CPU.ActiveCfg = Debug|Any CPU
		{549D1D93-E7DE-43F0-8196-68AAA913DD90}.Debug|Any CPU.Build.0 = Debug|Any CPU
		{549D1D93-E7DE-43F0-8196-68AAA913DD90}.Release|Any CPU.ActiveCfg = Release|Any CPU
		{549D1D93-E7DE-43F0-8196-68AAA913DD90}.Release|Any CPU.Build.0 = Release|Any CPU
		{58ECB088-8906-4D5F-9FCF-08BB5AF5C6B4}.Debug|Any CPU.ActiveCfg = Debug|Any CPU
		{58ECB088-8906-4D5F-9FCF-08BB5AF5C6B4}.Debug|Any CPU.Build.0 = Debug|Any CPU
		{58ECB088-8906-4D5F-9FCF-08BB5AF5C6B4}.Release|Any CPU.ActiveCfg = Release|Any CPU
		{58ECB088-8906-4D5F-9FCF-08BB5AF5C6B4}.Release|Any CPU.Build.0 = Release|Any CPU
		{FD8C7E93-A52B-4BBC-8E27-46C6E1334DF3}.Debug|Any CPU.ActiveCfg = Debug|Any CPU
		{FD8C7E93-A52B-4BBC-8E27-46C6E1334DF3}.Debug|Any CPU.Build.0 = Debug|Any CPU
		{FD8C7E93-A52B-4BBC-8E27-46C6E1334DF3}.Release|Any CPU.ActiveCfg = Release|Any CPU
		{FD8C7E93-A52B-4BBC-8E27-46C6E1334DF3}.Release|Any CPU.Build.0 = Release|Any CPU
		{AD84BC0F-2DA6-4B65-B6EB-7C67CCF5D54C}.Debug|Any CPU.ActiveCfg = Debug|Any CPU
		{AD84BC0F-2DA6-4B65-B6EB-7C67CCF5D54C}.Debug|Any CPU.Build.0 = Debug|Any CPU
		{AD84BC0F-2DA6-4B65-B6EB-7C67CCF5D54C}.Release|Any CPU.ActiveCfg = Release|Any CPU
		{AD84BC0F-2DA6-4B65-B6EB-7C67CCF5D54C}.Release|Any CPU.Build.0 = Release|Any CPU
		{7FA0DC03-CB8D-4AD1-9695-07AD86674BF9}.Debug|Any CPU.ActiveCfg = Debug|Any CPU
		{7FA0DC03-CB8D-4AD1-9695-07AD86674BF9}.Debug|Any CPU.Build.0 = Debug|Any CPU
		{7FA0DC03-CB8D-4AD1-9695-07AD86674BF9}.Release|Any CPU.ActiveCfg = Release|Any CPU
		{7FA0DC03-CB8D-4AD1-9695-07AD86674BF9}.Release|Any CPU.Build.0 = Release|Any CPU
	EndGlobalSection
	GlobalSection(SolutionProperties) = preSolution
		HideSolutionNode = FALSE
	EndGlobalSection
	GlobalSection(ExtensibilityGlobals) = postSolution
		SolutionGuid = {BBCB0ADE-AE76-4E55-B4BE-A2CCA2A0214A}
	EndGlobalSection
EndGlobal
